
Microsoft Visual Studio Solution File, Format Version 12.00
# Visual Studio Version 17
VisualStudioVersion = 17.12.35707.178
MinimumVisualStudioVersion = 10.0.40219.1
Project("{2150E333-8FDC-42A3-9474-1A3956D46DE8}") = "src", "src", "{851B6928-D98B-4864-B71B-A93976672F50}"
EndProject
Project("{2150E333-8FDC-42A3-9474-1A3956D46DE8}") = "Solution Items", "Solution Items", "{84972C9B-FA46-4265-BEE6-4DA0DA4E0526}"
	ProjectSection(SolutionItems) = preProject
		.editorconfig = .editorconfig
		.gitignore = .gitignore
		.gitmodules = .gitmodules
		Directory.Build.props = Directory.Build.props
		nuget.config = nuget.config
	EndProjectSection
EndProject
Project("{FAE04EC0-301F-11D3-BF4B-00C04F79EFBC}") = "Experiments.OpenTelemetry.Host", "src\Experiments.OpenTelemetry.Host\Experiments.OpenTelemetry.Host.csproj", "{BEC1BA93-126C-417F-8E57-DA847178D1F2}"
EndProject
Project("{FAE04EC0-301F-11D3-BF4B-00C04F79EFBC}") = "Experiments.OpenTelemetry.Common", "src\Experiments.OpenTelemetry.Common\Experiments.OpenTelemetry.Common.csproj", "{4255D44B-A928-4330-A38C-8D2F8334B08F}"
EndProject
Project("{FAE04EC0-301F-11D3-BF4B-00C04F79EFBC}") = "Experiments.OpenTelemetry.Library1", "src\Experiments.OpenTelemetry.Library1\Experiments.OpenTelemetry.Library1.csproj", "{53FAADE0-889C-4CF4-ADE3-3C9FDC012201}"
EndProject
Project("{FAE04EC0-301F-11D3-BF4B-00C04F79EFBC}") = "Experiments.OpenTelemetry.Telemetry", "src\Experiments.OpenTelemetry.Telemetry\Experiments.OpenTelemetry.Telemetry.csproj", "{A977D55B-F1BB-4736-8961-C400FF9FA76D}"
EndProject
Project("{2150E333-8FDC-42A3-9474-1A3956D46DE8}") = "submodules", "submodules", "{B2E2D382-30D0-49E6-B740-6171FC7EE895}"
EndProject
Project("{FAE04EC0-301F-11D3-BF4B-00C04F79EFBC}") = "Functional", "submodules\Functional\src\Functional\Functional.csproj", "{7D48F0CC-4415-46EA-B5E1-A5215A1B3C12}"
EndProject
Project("{2150E333-8FDC-42A3-9474-1A3956D46DE8}") = "tests", "tests", "{88992576-758D-478A-96B0-5D43F3C5FDA4}"
EndProject
Project("{FAE04EC0-301F-11D3-BF4B-00C04F79EFBC}") = "Experiments.OpenTelemetry.Tests.Unit", "tests\Experiments.OpenTelemetry.Tests.Unit\Experiments.OpenTelemetry.Tests.Unit.csproj", "{C6B1C7D5-FD52-47FA-BE55-AD7B8448186B}"
EndProject
Project("{FAE04EC0-301F-11D3-BF4B-00C04F79EFBC}") = "Experiments.OpenTelemetry.Library2", "src\Experiments.OpenTelemetry.Library2\Experiments.OpenTelemetry.Library2.csproj", "{FA47F5AA-AEB0-4EFE-B1AF-9B6324EF20C9}"
EndProject
Project("{FAE04EC0-301F-11D3-BF4B-00C04F79EFBC}") = "Experiments.OpenTelemetry.Configurator", "src\Experiments.OpenTelemetry.Configurator\Experiments.OpenTelemetry.Configurator.csproj", "{54670670-A5E3-437A-A2BE-319FF177292B}"
EndProject
Project("{FAE04EC0-301F-11D3-BF4B-00C04F79EFBC}") = "Experiments.OpenTelemetry.Communication", "src\Experiments.OpenTelemetry.Communication\Experiments.OpenTelemetry.Communication.csproj", "{06B67F0A-E896-404C-8217-4EC6566AE662}"
EndProject
Project("{FAE04EC0-301F-11D3-BF4B-00C04F79EFBC}") = "Experiments.OpenTelemetry.Domain", "src\Experiments.OpenTelemetry.Domain\Experiments.OpenTelemetry.Domain.csproj", "{9F32E958-DEBA-4796-8743-E2569A9E1456}"
EndProject
Project("{FAE04EC0-301F-11D3-BF4B-00C04F79EFBC}") = "UserInterface.Console.Generic", "submodules\UserInterface.Console.Generic\src\UserInterface.Console.Generic\UserInterface.Console.Generic.csproj", "{945FBD97-E9EE-492A-B69B-4C40A3BDDCDB}"
EndProject
Project("{FAE04EC0-301F-11D3-BF4B-00C04F79EFBC}") = "Functional", "submodules\UserInterface.Console.Generic\submodules\Functional\src\Functional\Functional.csproj", "{F48790C2-539D-4121-AEA3-A9DE8CC0231B}"
EndProject
Global
	GlobalSection(SolutionConfigurationPlatforms) = preSolution
		Debug|Any CPU = Debug|Any CPU
		Release|Any CPU = Release|Any CPU
	EndGlobalSection
	GlobalSection(ProjectConfigurationPlatforms) = postSolution
		{BEC1BA93-126C-417F-8E57-DA847178D1F2}.Debug|Any CPU.ActiveCfg = Debug|Any CPU
		{BEC1BA93-126C-417F-8E57-DA847178D1F2}.Debug|Any CPU.Build.0 = Debug|Any CPU
		{BEC1BA93-126C-417F-8E57-DA847178D1F2}.Release|Any CPU.ActiveCfg = Release|Any CPU
		{BEC1BA93-126C-417F-8E57-DA847178D1F2}.Release|Any CPU.Build.0 = Release|Any CPU
		{4255D44B-A928-4330-A38C-8D2F8334B08F}.Debug|Any CPU.ActiveCfg = Debug|Any CPU
		{4255D44B-A928-4330-A38C-8D2F8334B08F}.Debug|Any CPU.Build.0 = Debug|Any CPU
		{4255D44B-A928-4330-A38C-8D2F8334B08F}.Release|Any CPU.ActiveCfg = Release|Any CPU
		{4255D44B-A928-4330-A38C-8D2F8334B08F}.Release|Any CPU.Build.0 = Release|Any CPU
		{53FAADE0-889C-4CF4-ADE3-3C9FDC012201}.Debug|Any CPU.ActiveCfg = Debug|Any CPU
		{53FAADE0-889C-4CF4-ADE3-3C9FDC012201}.Debug|Any CPU.Build.0 = Debug|Any CPU
		{53FAADE0-889C-4CF4-ADE3-3C9FDC012201}.Release|Any CPU.ActiveCfg = Release|Any CPU
		{53FAADE0-889C-4CF4-ADE3-3C9FDC012201}.Release|Any CPU.Build.0 = Release|Any CPU
		{A977D55B-F1BB-4736-8961-C400FF9FA76D}.Debug|Any CPU.ActiveCfg = Debug|Any CPU
		{A977D55B-F1BB-4736-8961-C400FF9FA76D}.Debug|Any CPU.Build.0 = Debug|Any CPU
		{A977D55B-F1BB-4736-8961-C400FF9FA76D}.Release|Any CPU.ActiveCfg = Release|Any CPU
		{A977D55B-F1BB-4736-8961-C400FF9FA76D}.Release|Any CPU.Build.0 = Release|Any CPU
		{7D48F0CC-4415-46EA-B5E1-A5215A1B3C12}.Debug|Any CPU.ActiveCfg = Debug|Any CPU
		{7D48F0CC-4415-46EA-B5E1-A5215A1B3C12}.Debug|Any CPU.Build.0 = Debug|Any CPU
		{7D48F0CC-4415-46EA-B5E1-A5215A1B3C12}.Release|Any CPU.ActiveCfg = Release|Any CPU
		{7D48F0CC-4415-46EA-B5E1-A5215A1B3C12}.Release|Any CPU.Build.0 = Release|Any CPU
		{C6B1C7D5-FD52-47FA-BE55-AD7B8448186B}.Debug|Any CPU.ActiveCfg = Debug|Any CPU
		{C6B1C7D5-FD52-47FA-BE55-AD7B8448186B}.Debug|Any CPU.Build.0 = Debug|Any CPU
		{C6B1C7D5-FD52-47FA-BE55-AD7B8448186B}.Release|Any CPU.ActiveCfg = Release|Any CPU
		{C6B1C7D5-FD52-47FA-BE55-AD7B8448186B}.Release|Any CPU.Build.0 = Release|Any CPU
		{FA47F5AA-AEB0-4EFE-B1AF-9B6324EF20C9}.Debug|Any CPU.ActiveCfg = Debug|Any CPU
		{FA47F5AA-AEB0-4EFE-B1AF-9B6324EF20C9}.Debug|Any CPU.Build.0 = Debug|Any CPU
		{FA47F5AA-AEB0-4EFE-B1AF-9B6324EF20C9}.Release|Any CPU.ActiveCfg = Release|Any CPU
		{FA47F5AA-AEB0-4EFE-B1AF-9B6324EF20C9}.Release|Any CPU.Build.0 = Release|Any CPU
		{54670670-A5E3-437A-A2BE-319FF177292B}.Debug|Any CPU.ActiveCfg = Debug|Any CPU
		{54670670-A5E3-437A-A2BE-319FF177292B}.Debug|Any CPU.Build.0 = Debug|Any CPU
		{54670670-A5E3-437A-A2BE-319FF177292B}.Release|Any CPU.ActiveCfg = Release|Any CPU
		{54670670-A5E3-437A-A2BE-319FF177292B}.Release|Any CPU.Build.0 = Release|Any CPU
		{06B67F0A-E896-404C-8217-4EC6566AE662}.Debug|Any CPU.ActiveCfg = Debug|Any CPU
		{06B67F0A-E896-404C-8217-4EC6566AE662}.Debug|Any CPU.Build.0 = Debug|Any CPU
		{06B67F0A-E896-404C-8217-4EC6566AE662}.Release|Any CPU.ActiveCfg = Release|Any CPU
		{06B67F0A-E896-404C-8217-4EC6566AE662}.Release|Any CPU.Build.0 = Release|Any CPU
		{9F32E958-DEBA-4796-8743-E2569A9E1456}.Debug|Any CPU.ActiveCfg = Debug|Any CPU
		{9F32E958-DEBA-4796-8743-E2569A9E1456}.Debug|Any CPU.Build.0 = Debug|Any CPU
		{9F32E958-DEBA-4796-8743-E2569A9E1456}.Release|Any CPU.ActiveCfg = Release|Any CPU
		{9F32E958-DEBA-4796-8743-E2569A9E1456}.Release|Any CPU.Build.0 = Release|Any CPU
		{945FBD97-E9EE-492A-B69B-4C40A3BDDCDB}.Debug|Any CPU.ActiveCfg = Debug|Any CPU
		{945FBD97-E9EE-492A-B69B-4C40A3BDDCDB}.Debug|Any CPU.Build.0 = Debug|Any CPU
		{945FBD97-E9EE-492A-B69B-4C40A3BDDCDB}.Release|Any CPU.ActiveCfg = Release|Any CPU
		{945FBD97-E9EE-492A-B69B-4C40A3BDDCDB}.Release|Any CPU.Build.0 = Release|Any CPU
		{F48790C2-539D-4121-AEA3-A9DE8CC0231B}.Debug|Any CPU.ActiveCfg = Debug|Any CPU
		{F48790C2-539D-4121-AEA3-A9DE8CC0231B}.Debug|Any CPU.Build.0 = Debug|Any CPU
		{F48790C2-539D-4121-AEA3-A9DE8CC0231B}.Release|Any CPU.ActiveCfg = Release|Any CPU
		{F48790C2-539D-4121-AEA3-A9DE8CC0231B}.Release|Any CPU.Build.0 = Release|Any CPU
	EndGlobalSection
	GlobalSection(SolutionProperties) = preSolution
		HideSolutionNode = FALSE
	EndGlobalSection
	GlobalSection(NestedProjects) = preSolution
		{BEC1BA93-126C-417F-8E57-DA847178D1F2} = {851B6928-D98B-4864-B71B-A93976672F50}
		{4255D44B-A928-4330-A38C-8D2F8334B08F} = {851B6928-D98B-4864-B71B-A93976672F50}
		{53FAADE0-889C-4CF4-ADE3-3C9FDC012201} = {851B6928-D98B-4864-B71B-A93976672F50}
		{A977D55B-F1BB-4736-8961-C400FF9FA76D} = {851B6928-D98B-4864-B71B-A93976672F50}
		{7D48F0CC-4415-46EA-B5E1-A5215A1B3C12} = {B2E2D382-30D0-49E6-B740-6171FC7EE895}
		{C6B1C7D5-FD52-47FA-BE55-AD7B8448186B} = {88992576-758D-478A-96B0-5D43F3C5FDA4}
		{FA47F5AA-AEB0-4EFE-B1AF-9B6324EF20C9} = {851B6928-D98B-4864-B71B-A93976672F50}
		{54670670-A5E3-437A-A2BE-319FF177292B} = {851B6928-D98B-4864-B71B-A93976672F50}
		{06B67F0A-E896-404C-8217-4EC6566AE662} = {851B6928-D98B-4864-B71B-A93976672F50}
		{9F32E958-DEBA-4796-8743-E2569A9E1456} = {851B6928-D98B-4864-B71B-A93976672F50}
		{945FBD97-E9EE-492A-B69B-4C40A3BDDCDB} = {B2E2D382-30D0-49E6-B740-6171FC7EE895}
		{F48790C2-539D-4121-AEA3-A9DE8CC0231B} = {B2E2D382-30D0-49E6-B740-6171FC7EE895}
	EndGlobalSection
EndGlobal
